// !$*UTF8*$!
{
	archiveVersion = 1;
	classes = {
	};
	objectVersion = 46;
	objects = {

/* Begin PBXBuildFile section */
		81544E5C1DCC3C7B00EA35F1 /* AppDelegate.swift in Sources */ = {isa = PBXBuildFile; fileRef = 81544E5B1DCC3C7B00EA35F1 /* AppDelegate.swift */; };
		81544E5E1DCC3C7B00EA35F1 /* ViewController.swift in Sources */ = {isa = PBXBuildFile; fileRef = 81544E5D1DCC3C7B00EA35F1 /* ViewController.swift */; };
		81544E611DCC3C7B00EA35F1 /* Main.storyboard in Resources */ = {isa = PBXBuildFile; fileRef = 81544E5F1DCC3C7B00EA35F1 /* Main.storyboard */; };
		81544E631DCC3C7B00EA35F1 /* Assets.xcassets in Resources */ = {isa = PBXBuildFile; fileRef = 81544E621DCC3C7B00EA35F1 /* Assets.xcassets */; };
		81544E661DCC3C7B00EA35F1 /* LaunchScreen.storyboard in Resources */ = {isa = PBXBuildFile; fileRef = 81544E641DCC3C7B00EA35F1 /* LaunchScreen.storyboard */; };
		81544E711DCC3C7B00EA35F1 /* _21Travel__UICollectionViewTests.swift in Sources */ = {isa = PBXBuildFile; fileRef = 81544E701DCC3C7B00EA35F1 /* _21Travel__UICollectionViewTests.swift */; };
		81544E7C1DCC3C7B00EA35F1 /* _21Travel__UICollectionViewUITests.swift in Sources */ = {isa = PBXBuildFile; fileRef = 81544E7B1DCC3C7B00EA35F1 /* _21Travel__UICollectionViewUITests.swift */; };
/* End PBXBuildFile section */

/* Begin PBXContainerItemProxy section */
		81544E6D1DCC3C7B00EA35F1 /* PBXContainerItemProxy */ = {
			isa = PBXContainerItemProxy;
			containerPortal = 81544E501DCC3C7B00EA35F1 /* Project object */;
			proxyType = 1;
			remoteGlobalIDString = 81544E571DCC3C7B00EA35F1;
			remoteInfo = "521Travel_ UICollectionView";
		};
		81544E781DCC3C7B00EA35F1 /* PBXContainerItemProxy */ = {
			isa = PBXContainerItemProxy;
			containerPortal = 81544E501DCC3C7B00EA35F1 /* Project object */;
			proxyType = 1;
			remoteGlobalIDString = 81544E571DCC3C7B00EA35F1;
			remoteInfo = "521Travel_ UICollectionView";
		};
/* End PBXContainerItemProxy section */

/* Begin PBXFileReference section */
		81544E581DCC3C7B00EA35F1 /* 521Travel_ UICollectionView.app */ = {isa = PBXFileReference; explicitFileType = wrapper.application; includeInIndex = 0; path = "521Travel_ UICollectionView.app"; sourceTree = BUILT_PRODUCTS_DIR; };
		81544E5B1DCC3C7B00EA35F1 /* AppDelegate.swift */ = {isa = PBXFileReference; lastKnownFileType = sourcecode.swift; path = AppDelegate.swift; sourceTree = "<group>"; };
		81544E5D1DCC3C7B00EA35F1 /* ViewController.swift */ = {isa = PBXFileReference; lastKnownFileType = sourcecode.swift; path = ViewController.swift; sourceTree = "<group>"; };
		81544E601DCC3C7B00EA35F1 /* Base */ = {isa = PBXFileReference; lastKnownFileType = file.storyboard; name = Base; path = Base.lproj/Main.storyboard; sourceTree = "<group>"; };
		81544E621DCC3C7B00EA35F1 /* Assets.xcassets */ = {isa = PBXFileReference; lastKnownFileType = folder.assetcatalog; path = Assets.xcassets; sourceTree = "<group>"; };
		81544E651DCC3C7B00EA35F1 /* Base */ = {isa = PBXFileReference; lastKnownFileType = file.storyboard; name = Base; path = Base.lproj/LaunchScreen.storyboard; sourceTree = "<group>"; };
		81544E671DCC3C7B00EA35F1 /* Info.plist */ = {isa = PBXFileReference; lastKnownFileType = text.plist.xml; path = Info.plist; sourceTree = "<group>"; };
		81544E6C1DCC3C7B00EA35F1 /* 521Travel_ UICollectionViewTests.xctest */ = {isa = PBXFileReference; explicitFileType = wrapper.cfbundle; includeInIndex = 0; path = "521Travel_ UICollectionViewTests.xctest"; sourceTree = BUILT_PRODUCTS_DIR; };
		81544E701DCC3C7B00EA35F1 /* _21Travel__UICollectionViewTests.swift */ = {isa = PBXFileReference; lastKnownFileType = sourcecode.swift; path = _21Travel__UICollectionViewTests.swift; sourceTree = "<group>"; };
		81544E721DCC3C7B00EA35F1 /* Info.plist */ = {isa = PBXFileReference; lastKnownFileType = text.plist.xml; path = Info.plist; sourceTree = "<group>"; };
		81544E771DCC3C7B00EA35F1 /* 521Travel_ UICollectionViewUITests.xctest */ = {isa = PBXFileReference; explicitFileType = wrapper.cfbundle; includeInIndex = 0; path = "521Travel_ UICollectionViewUITests.xctest"; sourceTree = BUILT_PRODUCTS_DIR; };
		81544E7B1DCC3C7B00EA35F1 /* _21Travel__UICollectionViewUITests.swift */ = {isa = PBXFileReference; lastKnownFileType = sourcecode.swift; path = _21Travel__UICollectionViewUITests.swift; sourceTree = "<group>"; };
		81544E7D1DCC3C7B00EA35F1 /* Info.plist */ = {isa = PBXFileReference; lastKnownFileType = text.plist.xml; path = Info.plist; sourceTree = "<group>"; };
/* End PBXFileReference section */

/* Begin PBXFrameworksBuildPhase section */
		81544E551DCC3C7B00EA35F1 /* Frameworks */ = {
			isa = PBXFrameworksBuildPhase;
			buildActionMask = 2147483647;
			files = (
			);
			runOnlyForDeploymentPostprocessing = 0;
		};
		81544E691DCC3C7B00EA35F1 /* Frameworks */ = {
			isa = PBXFrameworksBuildPhase;
			buildActionMask = 2147483647;
			files = (
			);
			runOnlyForDeploymentPostprocessing = 0;
		};
		81544E741DCC3C7B00EA35F1 /* Frameworks */ = {
			isa = PBXFrameworksBuildPhase;
			buildActionMask = 2147483647;
			files = (
			);
			runOnlyForDeploymentPostprocessing = 0;
		};
/* End PBXFrameworksBuildPhase section */

/* Begin PBXGroup section */
		81544E4F1DCC3C7B00EA35F1 = {
			isa = PBXGroup;
			children = (
				81544E5A1DCC3C7B00EA35F1 /* 521Travel_ UICollectionView */,
				81544E6F1DCC3C7B00EA35F1 /* 521Travel_ UICollectionViewTests */,
				81544E7A1DCC3C7B00EA35F1 /* 521Travel_ UICollectionViewUITests */,
				81544E591DCC3C7B00EA35F1 /* Products */,
			);
			sourceTree = "<group>";
		};
		81544E591DCC3C7B00EA35F1 /* Products */ = {
			isa = PBXGroup;
			children = (
				81544E581DCC3C7B00EA35F1 /* 521Travel_ UICollectionView.app */,
				81544E6C1DCC3C7B00EA35F1 /* 521Travel_ UICollectionViewTests.xctest */,
				81544E771DCC3C7B00EA35F1 /* 521Travel_ UICollectionViewUITests.xctest */,
			);
			name = Products;
			sourceTree = "<group>";
		};
		81544E5A1DCC3C7B00EA35F1 /* 521Travel_ UICollectionView */ = {
			isa = PBXGroup;
			children = (
				81544E5B1DCC3C7B00EA35F1 /* AppDelegate.swift */,
				81544E5D1DCC3C7B00EA35F1 /* ViewController.swift */,
				81544E5F1DCC3C7B00EA35F1 /* Main.storyboard */,
				81544E621DCC3C7B00EA35F1 /* Assets.xcassets */,
				81544E641DCC3C7B00EA35F1 /* LaunchScreen.storyboard */,
				81544E671DCC3C7B00EA35F1 /* Info.plist */,
			);
			path = "521Travel_ UICollectionView";
			sourceTree = "<group>";
		};
		81544E6F1DCC3C7B00EA35F1 /* 521Travel_ UICollectionViewTests */ = {
			isa = PBXGroup;
			children = (
				81544E701DCC3C7B00EA35F1 /* _21Travel__UICollectionViewTests.swift */,
				81544E721DCC3C7B00EA35F1 /* Info.plist */,
			);
			path = "521Travel_ UICollectionViewTests";
			sourceTree = "<group>";
		};
		81544E7A1DCC3C7B00EA35F1 /* 521Travel_ UICollectionViewUITests */ = {
			isa = PBXGroup;
			children = (
				81544E7B1DCC3C7B00EA35F1 /* _21Travel__UICollectionViewUITests.swift */,
				81544E7D1DCC3C7B00EA35F1 /* Info.plist */,
			);
			path = "521Travel_ UICollectionViewUITests";
			sourceTree = "<group>";
		};
/* End PBXGroup section */

/* Begin PBXNativeTarget section */
		81544E571DCC3C7B00EA35F1 /* 521Travel_ UICollectionView */ = {
			isa = PBXNativeTarget;
			buildConfigurationList = 81544E801DCC3C7B00EA35F1 /* Build configuration list for PBXNativeTarget "521Travel_ UICollectionView" */;
			buildPhases = (
				81544E541DCC3C7B00EA35F1 /* Sources */,
				81544E551DCC3C7B00EA35F1 /* Frameworks */,
				81544E561DCC3C7B00EA35F1 /* Resources */,
			);
			buildRules = (
			);
			dependencies = (
			);
			name = "521Travel_ UICollectionView";
			productName = "521Travel_ UICollectionView";
			productReference = 81544E581DCC3C7B00EA35F1 /* 521Travel_ UICollectionView.app */;
			productType = "com.apple.product-type.application";
		};
		81544E6B1DCC3C7B00EA35F1 /* 521Travel_ UICollectionViewTests */ = {
			isa = PBXNativeTarget;
			buildConfigurationList = 81544E831DCC3C7B00EA35F1 /* Build configuration list for PBXNativeTarget "521Travel_ UICollectionViewTests" */;
			buildPhases = (
				81544E681DCC3C7B00EA35F1 /* Sources */,
				81544E691DCC3C7B00EA35F1 /* Frameworks */,
				81544E6A1DCC3C7B00EA35F1 /* Resources */,
			);
			buildRules = (
			);
			dependencies = (
				81544E6E1DCC3C7B00EA35F1 /* PBXTargetDependency */,
			);
			name = "521Travel_ UICollectionViewTests";
			productName = "521Travel_ UICollectionViewTests";
			productReference = 81544E6C1DCC3C7B00EA35F1 /* 521Travel_ UICollectionViewTests.xctest */;
			productType = "com.apple.product-type.bundle.unit-test";
		};
		81544E761DCC3C7B00EA35F1 /* 521Travel_ UICollectionViewUITests */ = {
			isa = PBXNativeTarget;
			buildConfigurationList = 81544E861DCC3C7B00EA35F1 /* Build configuration list for PBXNativeTarget "521Travel_ UICollectionViewUITests" */;
			buildPhases = (
				81544E731DCC3C7B00EA35F1 /* Sources */,
				81544E741DCC3C7B00EA35F1 /* Frameworks */,
				81544E751DCC3C7B00EA35F1 /* Resources */,
			);
			buildRules = (
			);
			dependencies = (
				81544E791DCC3C7B00EA35F1 /* PBXTargetDependency */,
			);
			name = "521Travel_ UICollectionViewUITests";
			productName = "521Travel_ UICollectionViewUITests";
			productReference = 81544E771DCC3C7B00EA35F1 /* 521Travel_ UICollectionViewUITests.xctest */;
			productType = "com.apple.product-type.bundle.ui-testing";
		};
/* End PBXNativeTarget section */

/* Begin PBXProject section */
		81544E501DCC3C7B00EA35F1 /* Project object */ = {
			isa = PBXProject;
			attributes = {
				LastSwiftUpdateCheck = 0810;
				LastUpgradeCheck = 0810;
				ORGANIZATIONNAME = 521Travel.com;
				TargetAttributes = {
					81544E571DCC3C7B00EA35F1 = {
						CreatedOnToolsVersion = 8.1;
						DevelopmentTeam = K9UVDYE39X;
						ProvisioningStyle = Automatic;
					};
					81544E6B1DCC3C7B00EA35F1 = {
						CreatedOnToolsVersion = 8.1;
						DevelopmentTeam = K9UVDYE39X;
						ProvisioningStyle = Automatic;
						TestTargetID = 81544E571DCC3C7B00EA35F1;
					};
					81544E761DCC3C7B00EA35F1 = {
						CreatedOnToolsVersion = 8.1;
						DevelopmentTeam = K9UVDYE39X;
						ProvisioningStyle = Automatic;
						TestTargetID = 81544E571DCC3C7B00EA35F1;
					};
				};
			};
			buildConfigurationList = 81544E531DCC3C7B00EA35F1 /* Build configuration list for PBXProject "521Travel_ UICollectionView" */;
			compatibilityVersion = "Xcode 3.2";
			developmentRegion = English;
			hasScannedForEncodings = 0;
			knownRegions = (
				en,
				Base,
			);
			mainGroup = 81544E4F1DCC3C7B00EA35F1;
			productRefGroup = 81544E591DCC3C7B00EA35F1 /* Products */;
			projectDirPath = "";
			projectRoot = "";
			targets = (
				81544E571DCC3C7B00EA35F1 /* 521Travel_ UICollectionView */,
				81544E6B1DCC3C7B00EA35F1 /* 521Travel_ UICollectionViewTests */,
				81544E761DCC3C7B00EA35F1 /* 521Travel_ UICollectionViewUITests */,
			);
		};
/* End PBXProject section */

/* Begin PBXResourcesBuildPhase section */
		81544E561DCC3C7B00EA35F1 /* Resources */ = {
			isa = PBXResourcesBuildPhase;
			buildActionMask = 2147483647;
			files = (
				81544E661DCC3C7B00EA35F1 /* LaunchScreen.storyboard in Resources */,
				81544E631DCC3C7B00EA35F1 /* Assets.xcassets in Resources */,
				81544E611DCC3C7B00EA35F1 /* Main.storyboard in Resources */,
			);
			runOnlyForDeploymentPostprocessing = 0;
		};
		81544E6A1DCC3C7B00EA35F1 /* Resources */ = {
			isa = PBXResourcesBuildPhase;
			buildActionMask = 2147483647;
			files = (
			);
			runOnlyForDeploymentPostprocessing = 0;
		};
		81544E751DCC3C7B00EA35F1 /* Resources */ = {
			isa = PBXResourcesBuildPhase;
			buildActionMask = 2147483647;
			files = (
			);
			runOnlyForDeploymentPostprocessing = 0;
		};
/* End PBXResourcesBuildPhase section */

/* Begin PBXSourcesBuildPhase section */
		81544E541DCC3C7B00EA35F1 /* Sources */ = {
			isa = PBXSourcesBuildPhase;
			buildActionMask = 2147483647;
			files = (
				81544E5E1DCC3C7B00EA35F1 /* ViewController.swift in Sources */,
				81544E5C1DCC3C7B00EA35F1 /* AppDelegate.swift in Sources */,
			);
			runOnlyForDeploymentPostprocessing = 0;
		};
		81544E681DCC3C7B00EA35F1 /* Sources */ = {
			isa = PBXSourcesBuildPhase;
			buildActionMask = 2147483647;
			files = (
				81544E711DCC3C7B00EA35F1 /* _21Travel__UICollectionViewTests.swift in Sources */,
			);
			runOnlyForDeploymentPostprocessing = 0;
		};
		81544E731DCC3C7B00EA35F1 /* Sources */ = {
			isa = PBXSourcesBuildPhase;
			buildActionMask = 2147483647;
			files = (
				81544E7C1DCC3C7B00EA35F1 /* _21Travel__UICollectionViewUITests.swift in Sources */,
			);
			runOnlyForDeploymentPostprocessing = 0;
		};
/* End PBXSourcesBuildPhase section */

/* Begin PBXTargetDependency section */
		81544E6E1DCC3C7B00EA35F1 /* PBXTargetDependency */ = {
			isa = PBXTargetDependency;
			target = 81544E571DCC3C7B00EA35F1 /* 521Travel_ UICollectionView */;
			targetProxy = 81544E6D1DCC3C7B00EA35F1 /* PBXContainerItemProxy */;
		};
		81544E791DCC3C7B00EA35F1 /* PBXTargetDependency */ = {
			isa = PBXTargetDependency;
			target = 81544E571DCC3C7B00EA35F1 /* 521Travel_ UICollectionView */;
			targetProxy = 81544E781DCC3C7B00EA35F1 /* PBXContainerItemProxy */;
		};
/* End PBXTargetDependency section */

/* Begin PBXVariantGroup section */
		81544E5F1DCC3C7B00EA35F1 /* Main.storyboard */ = {
			isa = PBXVariantGroup;
			children = (
				81544E601DCC3C7B00EA35F1 /* Base */,
			);
			name = Main.storyboard;
			sourceTree = "<group>";
		};
		81544E641DCC3C7B00EA35F1 /* LaunchScreen.storyboard */ = {
			isa = PBXVariantGroup;
			children = (
				81544E651DCC3C7B00EA35F1 /* Base */,
			);
			name = LaunchScreen.storyboard;
			sourceTree = "<group>";
		};
/* End PBXVariantGroup section */

/* Begin XCBuildConfiguration section */
		81544E7E1DCC3C7B00EA35F1 /* Debug */ = {
			isa = XCBuildConfiguration;
			buildSettings = {
				ALWAYS_SEARCH_USER_PATHS = NO;
				CLANG_ANALYZER_NONNULL = YES;
				CLANG_CXX_LANGUAGE_STANDARD = "gnu++0x";
				CLANG_CXX_LIBRARY = "libc++";
				CLANG_ENABLE_MODULES = YES;
				CLANG_ENABLE_OBJC_ARC = YES;
				CLANG_WARN_BOOL_CONVERSION = YES;
				CLANG_WARN_CONSTANT_CONVERSION = YES;
				CLANG_WARN_DIRECT_OBJC_ISA_USAGE = YES_ERROR;
				CLANG_WARN_DOCUMENTATION_COMMENTS = YES;
				CLANG_WARN_EMPTY_BODY = YES;
				CLANG_WARN_ENUM_CONVERSION = YES;
				CLANG_WARN_INFINITE_RECURSION = YES;
				CLANG_WARN_INT_CONVERSION = YES;
				CLANG_WARN_OBJC_ROOT_CLASS = YES_ERROR;
				CLANG_WARN_SUSPICIOUS_MOVES = YES;
				CLANG_WARN_UNREACHABLE_CODE = YES;
				CLANG_WARN__DUPLICATE_METHOD_MATCH = YES;
				"CODE_SIGN_IDENTITY[sdk=iphoneos*]" = "iPhone Developer";
				COPY_PHASE_STRIP = NO;
				DEBUG_INFORMATION_FORMAT = dwarf;
				ENABLE_STRICT_OBJC_MSGSEND = YES;
				ENABLE_TESTABILITY = YES;
				GCC_C_LANGUAGE_STANDARD = gnu99;
				GCC_DYNAMIC_NO_PIC = NO;
				GCC_NO_COMMON_BLOCKS = YES;
				GCC_OPTIMIZATION_LEVEL = 0;
				GCC_PREPROCESSOR_DEFINITIONS = (
					"DEBUG=1",
					"$(inherited)",
				);
				GCC_WARN_64_TO_32_BIT_CONVERSION = YES;
				GCC_WARN_ABOUT_RETURN_TYPE = YES_ERROR;
				GCC_WARN_UNDECLARED_SELECTOR = YES;
				GCC_WARN_UNINITIALIZED_AUTOS = YES_AGGRESSIVE;
				GCC_WARN_UNUSED_FUNCTION = YES;
				GCC_WARN_UNUSED_VARIABLE = YES;
				IPHONEOS_DEPLOYMENT_TARGET = 10.1;
				MTL_ENABLE_DEBUG_INFO = YES;
				ONLY_ACTIVE_ARCH = YES;
				SDKROOT = iphoneos;
				SWIFT_ACTIVE_COMPILATION_CONDITIONS = DEBUG;
				SWIFT_OPTIMIZATION_LEVEL = "-Onone";
			};
			name = Debug;
		};
		81544E7F1DCC3C7B00EA35F1 /* Release */ = {
			isa = XCBuildConfiguration;
			buildSettings = {
				ALWAYS_SEARCH_USER_PATHS = NO;
				CLANG_ANALYZER_NONNULL = YES;
				CLANG_CXX_LANGUAGE_STANDARD = "gnu++0x";
				CLANG_CXX_LIBRARY = "libc++";
				CLANG_ENABLE_MODULES = YES;
				CLANG_ENABLE_OBJC_ARC = YES;
				CLANG_WARN_BOOL_CONVERSION = YES;
				CLANG_WARN_CONSTANT_CONVERSION = YES;
				CLANG_WARN_DIRECT_OBJC_ISA_USAGE = YES_ERROR;
				CLANG_WARN_DOCUMENTATION_COMMENTS = YES;
				CLANG_WARN_EMPTY_BODY = YES;
				CLANG_WARN_ENUM_CONVERSION = YES;
				CLANG_WARN_INFINITE_RECURSION = YES;
				CLANG_WARN_INT_CONVERSION = YES;
				CLANG_WARN_OBJC_ROOT_CLASS = YES_ERROR;
				CLANG_WARN_SUSPICIOUS_MOVES = YES;
				CLANG_WARN_UNREACHABLE_CODE = YES;
				CLANG_WARN__DUPLICATE_METHOD_MATCH = YES;
				"CODE_SIGN_IDENTITY[sdk=iphoneos*]" = "iPhone Developer";
				COPY_PHASE_STRIP = NO;
				DEBUG_INFORMATION_FORMAT = "dwarf-with-dsym";
				ENABLE_NS_ASSERTIONS = NO;
				ENABLE_STRICT_OBJC_MSGSEND = YES;
				GCC_C_LANGUAGE_STANDARD = gnu99;
				GCC_NO_COMMON_BLOCKS = YES;
				GCC_WARN_64_TO_32_BIT_CONVERSION = YES;
				GCC_WARN_ABOUT_RETURN_TYPE = YES_ERROR;
				GCC_WARN_UNDECLARED_SELECTOR = YES;
				GCC_WARN_UNINITIALIZED_AUTOS = YES_AGGRESSIVE;
				GCC_WARN_UNUSED_FUNCTION = YES;
				GCC_WARN_UNUSED_VARIABLE = YES;
				IPHONEOS_DEPLOYMENT_TARGET = 10.1;
				MTL_ENABLE_DEBUG_INFO = NO;
				SDKROOT = iphoneos;
				SWIFT_OPTIMIZATION_LEVEL = "-Owholemodule";
				VALIDATE_PRODUCT = YES;
			};
			name = Release;
		};
		81544E811DCC3C7B00EA35F1 /* Debug */ = {
			isa = XCBuildConfiguration;
			buildSettings = {
				ASSETCATALOG_COMPILER_APPICON_NAME = AppIcon;
				DEVELOPMENT_TEAM = K9UVDYE39X;
				INFOPLIST_FILE = "521Travel_ UICollectionView/Info.plist";
				LD_RUNPATH_SEARCH_PATHS = "$(inherited) @executable_path/Frameworks";
				PRODUCT_BUNDLE_IDENTIFIER = "Panda.-21Travel--UICollectionView";
				PRODUCT_NAME = "$(TARGET_NAME)";
				SWIFT_VERSION = 3.0;
			};
			name = Debug;
		};
		81544E821DCC3C7B00EA35F1 /* Release */ = {
			isa = XCBuildConfiguration;
			buildSettings = {
				ASSETCATALOG_COMPILER_APPICON_NAME = AppIcon;
				DEVELOPMENT_TEAM = K9UVDYE39X;
				INFOPLIST_FILE = "521Travel_ UICollectionView/Info.plist";
				LD_RUNPATH_SEARCH_PATHS = "$(inherited) @executable_path/Frameworks";
				PRODUCT_BUNDLE_IDENTIFIER = "Panda.-21Travel--UICollectionView";
				PRODUCT_NAME = "$(TARGET_NAME)";
				SWIFT_VERSION = 3.0;
			};
			name = Release;
		};
		81544E841DCC3C7B00EA35F1 /* Debug */ = {
			isa = XCBuildConfiguration;
			buildSettings = {
				ALWAYS_EMBED_SWIFT_STANDARD_LIBRARIES = YES;
				BUNDLE_LOADER = "$(TEST_HOST)";
				DEVELOPMENT_TEAM = K9UVDYE39X;
				INFOPLIST_FILE = "521Travel_ UICollectionViewTests/Info.plist";
				LD_RUNPATH_SEARCH_PATHS = "$(inherited) @executable_path/Frameworks @loader_path/Frameworks";
				PRODUCT_BUNDLE_IDENTIFIER = "Panda.-21Travel--UICollectionViewTests";
				PRODUCT_NAME = "$(TARGET_NAME)";
				SWIFT_VERSION = 3.0;
				TEST_HOST = "$(BUILT_PRODUCTS_DIR)/521Travel_ UICollectionView.app/521Travel_ UICollectionView";
			};
			name = Debug;
		};
		81544E851DCC3C7B00EA35F1 /* Release */ = {
			isa = XCBuildConfiguration;
			buildSettings = {
				ALWAYS_EMBED_SWIFT_STANDARD_LIBRARIES = YES;
				BUNDLE_LOADER = "$(TEST_HOST)";
				DEVELOPMENT_TEAM = K9UVDYE39X;
				INFOPLIST_FILE = "521Travel_ UICollectionViewTests/Info.plist";
				LD_RUNPATH_SEARCH_PATHS = "$(inherited) @executable_path/Frameworks @loader_path/Frameworks";
				PRODUCT_BUNDLE_IDENTIFIER = "Panda.-21Travel--UICollectionViewTests";
				PRODUCT_NAME = "$(TARGET_NAME)";
				SWIFT_VERSION = 3.0;
				TEST_HOST = "$(BUILT_PRODUCTS_DIR)/521Travel_ UICollectionView.app/521Travel_ UICollectionView";
			};
			name = Release;
		};
		81544E871DCC3C7B00EA35F1 /* Debug */ = {
			isa = XCBuildConfiguration;
			buildSettings = {
				ALWAYS_EMBED_SWIFT_STANDARD_LIBRARIES = YES;
				DEVELOPMENT_TEAM = K9UVDYE39X;
				INFOPLIST_FILE = "521Travel_ UICollectionViewUITests/Info.plist";
				LD_RUNPATH_SEARCH_PATHS = "$(inherited) @executable_path/Frameworks @loader_path/Frameworks";
				PRODUCT_BUNDLE_IDENTIFIER = "Panda.-21Travel--UICollectionViewUITests";
				PRODUCT_NAME = "$(TARGET_NAME)";
				SWIFT_VERSION = 3.0;
				TEST_TARGET_NAME = "521Travel_ UICollectionView";
			};
			name = Debug;
		};
		81544E881DCC3C7B00EA35F1 /* Release */ = {
			isa = XCBuildConfiguration;
			buildSettings = {
				ALWAYS_EMBED_SWIFT_STANDARD_LIBRARIES = YES;
				DEVELOPMENT_TEAM = K9UVDYE39X;
				INFOPLIST_FILE = "521Travel_ UICollectionViewUITests/Info.plist";
				LD_RUNPATH_SEARCH_PATHS = "$(inherited) @executable_path/Frameworks @loader_path/Frameworks";
				PRODUCT_BUNDLE_IDENTIFIER = "Panda.-21Travel--UICollectionViewUITests";
				PRODUCT_NAME = "$(TARGET_NAME)";
				SWIFT_VERSION = 3.0;
				TEST_TARGET_NAME = "521Travel_ UICollectionView";
			};
			name = Release;
		};
/* End XCBuildConfiguration section */

/* Begin XCConfigurationList section */
		81544E531DCC3C7B00EA35F1 /* Build configuration list for PBXProject "521Travel_ UICollectionView" */ = {
			isa = XCConfigurationList;
			buildConfigurations = (
				81544E7E1DCC3C7B00EA35F1 /* Debug */,
				81544E7F1DCC3C7B00EA35F1 /* Release */,
			);
			defaultConfigurationIsVisible = 0;
			defaultConfigurationName = Release;
		};
		81544E801DCC3C7B00EA35F1 /* Build configuration list for PBXNativeTarget "521Travel_ UICollectionView" */ = {
			isa = XCConfigurationList;
			buildConfigurations = (
				81544E811DCC3C7B00EA35F1 /* Debug */,
				81544E821DCC3C7B00EA35F1 /* Release */,
			);
			defaultConfigurationIsVisible = 0;
		};
		81544E831DCC3C7B00EA35F1 /* Build configuration list for PBXNativeTarget "521Travel_ UICollectionViewTests" */ = {
			isa = XCConfigurationList;
			buildConfigurations = (
				81544E841DCC3C7B00EA35F1 /* Debug */,
				81544E851DCC3C7B00EA35F1 /* Release */,
			);
			defaultConfigurationIsVisible = 0;
		};
		81544E861DCC3C7B00EA35F1 /* Build configuration list for PBXNativeTarget "521Travel_ UICollectionViewUITests" */ = {
			isa = XCConfigurationList;
			buildConfigurations = (
				81544E871DCC3C7B00EA35F1 /* Debug */,
				81544E881DCC3C7B00EA35F1 /* Release */,
			);
			defaultConfigurationIsVisible = 0;
		};
/* End XCConfigurationList section */
	};
	rootObject = 81544E501DCC3C7B00EA35F1 /* Project object */;
}
